
Microsoft Visual Studio Solution File, Format Version 12.00
# Visual Studio Version 17
VisualStudioVersion = 17.10.35027.167
MinimumVisualStudioVersion = 10.0.40219.1
Project("{2150E333-8FDC-42A3-9474-1A3956D46DE8}") = "Homeworks", "Homeworks", "{35462B0C-4105-46C4-85D9-7E502F2440F3}"
EndProject
Project("{9A19103F-16F7-4668-BE54-9A1E7A4F7556}") = "Homeworks.HelloWorld", "Homeworks\Homeworks.HelloWorld\Homeworks.HelloWorld.csproj", "{70673C29-82CC-497D-B0B7-5A643C391EDB}"
EndProject
Project("{9A19103F-16F7-4668-BE54-9A1E7A4F7556}") = "Homeworks.TicTacToe", "Homeworks\Homeworks.TicTacToe\Homeworks.TicTacToe.csproj", "{6DAC8F21-C455-44D4-94F4-FE463216BE48}"
EndProject
Project("{9A19103F-16F7-4668-BE54-9A1E7A4F7556}") = "Homeworks.Phonebook", "Homeworks\Homeworks.Phonebook\Homeworks.Phonebook.csproj", "{80C4B61C-E14B-477E-ACE7-343C3033922B}"
EndProject
Project("{9A19103F-16F7-4668-BE54-9A1E7A4F7556}") = "Homeworks.EmployeeSystem", "Homeworks\Homeworks.EmployeeSystem\Homeworks.EmployeeSystem\Homeworks.EmployeeSystem.csproj", "{3E2C1E41-1965-49AD-9E19-66BD8ADB45EE}"
EndProject
Project("{FAE04EC0-301F-11D3-BF4B-00C04F79EFBC}") = "Homeworks.Exceptions", "Homeworks\Homeworks.Exceptions\Homeworks.Exceptions\Homeworks.Exceptions.csproj", "{3A117062-5CD7-4089-AAD9-250F4E1A33A0}"
EndProject
Global
	GlobalSection(SolutionConfigurationPlatforms) = preSolution
		Debug|Any CPU = Debug|Any CPU
		Release|Any CPU = Release|Any CPU
	EndGlobalSection
	GlobalSection(ProjectConfigurationPlatforms) = postSolution
		{70673C29-82CC-497D-B0B7-5A643C391EDB}.Debug|Any CPU.ActiveCfg = Debug|Any CPU
		{70673C29-82CC-497D-B0B7-5A643C391EDB}.Debug|Any CPU.Build.0 = Debug|Any CPU
		{70673C29-82CC-497D-B0B7-5A643C391EDB}.Release|Any CPU.ActiveCfg = Release|Any CPU
		{70673C29-82CC-497D-B0B7-5A643C391EDB}.Release|Any CPU.Build.0 = Release|Any CPU
		{6DAC8F21-C455-44D4-94F4-FE463216BE48}.Debug|Any CPU.ActiveCfg = Debug|Any CPU
		{6DAC8F21-C455-44D4-94F4-FE463216BE48}.Debug|Any CPU.Build.0 = Debug|Any CPU
		{6DAC8F21-C455-44D4-94F4-FE463216BE48}.Release|Any CPU.ActiveCfg = Release|Any CPU
		{6DAC8F21-C455-44D4-94F4-FE463216BE48}.Release|Any CPU.Build.0 = Release|Any CPU
		{80C4B61C-E14B-477E-ACE7-343C3033922B}.Debug|Any CPU.ActiveCfg = Debug|Any CPU
		{80C4B61C-E14B-477E-ACE7-343C3033922B}.Debug|Any CPU.Build.0 = Debug|Any CPU
		{80C4B61C-E14B-477E-ACE7-343C3033922B}.Release|Any CPU.ActiveCfg = Release|Any CPU
		{80C4B61C-E14B-477E-ACE7-343C3033922B}.Release|Any CPU.Build.0 = Release|Any CPU
		{3E2C1E41-1965-49AD-9E19-66BD8ADB45EE}.Debug|Any CPU.ActiveCfg = Debug|Any CPU
		{3E2C1E41-1965-49AD-9E19-66BD8ADB45EE}.Debug|Any CPU.Build.0 = Debug|Any CPU
		{3E2C1E41-1965-49AD-9E19-66BD8ADB45EE}.Release|Any CPU.ActiveCfg = Release|Any CPU
		{3E2C1E41-1965-49AD-9E19-66BD8ADB45EE}.Release|Any CPU.Build.0 = Release|Any CPU
		{3A117062-5CD7-4089-AAD9-250F4E1A33A0}.Debug|Any CPU.ActiveCfg = Debug|Any CPU
		{3A117062-5CD7-4089-AAD9-250F4E1A33A0}.Debug|Any CPU.Build.0 = Debug|Any CPU
		{3A117062-5CD7-4089-AAD9-250F4E1A33A0}.Release|Any CPU.ActiveCfg = Release|Any CPU
		{3A117062-5CD7-4089-AAD9-250F4E1A33A0}.Release|Any CPU.Build.0 = Release|Any CPU
	EndGlobalSection
	GlobalSection(SolutionProperties) = preSolution
		HideSolutionNode = FALSE
	EndGlobalSection
	GlobalSection(NestedProjects) = preSolution
		{70673C29-82CC-497D-B0B7-5A643C391EDB} = {35462B0C-4105-46C4-85D9-7E502F2440F3}
		{6DAC8F21-C455-44D4-94F4-FE463216BE48} = {35462B0C-4105-46C4-85D9-7E502F2440F3}
		{80C4B61C-E14B-477E-ACE7-343C3033922B} = {35462B0C-4105-46C4-85D9-7E502F2440F3}
		{3E2C1E41-1965-49AD-9E19-66BD8ADB45EE} = {35462B0C-4105-46C4-85D9-7E502F2440F3}
		{3A117062-5CD7-4089-AAD9-250F4E1A33A0} = {35462B0C-4105-46C4-85D9-7E502F2440F3}
	EndGlobalSection
	GlobalSection(ExtensibilityGlobals) = postSolution
		SolutionGuid = {DB44AE67-3F8F-49C7-AA7F-E42F0C408C37}
	EndGlobalSection
EndGlobal
